
Microsoft Visual Studio Solution File, Format Version 12.00
# Visual Studio Version 16
VisualStudioVersion = 16.0.30711.63
MinimumVisualStudioVersion = 10.0.40219.1
Project("{FAE04EC0-301F-11D3-BF4B-00C04F79EFBC}") = "QGen", "QGen\QGen.csproj", "{6F67EB80-38F6-4BD1-B9BF-AFE4A94EB16E}"
EndProject
Project("{9A19103F-16F7-4668-BE54-9A1E7A4F7556}") = "DataAccess", "DataAccess\DataAccess.csproj", "{EE2207CF-01CA-4671-97E2-C702CFECFCF1}"
EndProject
Project("{FAE04EC0-301F-11D3-BF4B-00C04F79EFBC}") = "QGenConsole", "QGenConsole\QGenConsole.csproj", "{8ECF21C5-181E-4EFC-A384-0A7BB1371E94}"
EndProject
Project("{FAE04EC0-301F-11D3-BF4B-00C04F79EFBC}") = "Logic", "Logic\Logic.csproj", "{0B37164E-DE6B-4622-B7DE-7AC086932CE6}"
EndProject
Global
	GlobalSection(SolutionConfigurationPlatforms) = preSolution
		Debug|Any CPU = Debug|Any CPU
		Release|Any CPU = Release|Any CPU
	EndGlobalSection
	GlobalSection(ProjectConfigurationPlatforms) = postSolution
		{6F67EB80-38F6-4BD1-B9BF-AFE4A94EB16E}.Debug|Any CPU.ActiveCfg = Debug|Any CPU
		{6F67EB80-38F6-4BD1-B9BF-AFE4A94EB16E}.Debug|Any CPU.Build.0 = Debug|Any CPU
		{6F67EB80-38F6-4BD1-B9BF-AFE4A94EB16E}.Release|Any CPU.ActiveCfg = Release|Any CPU
		{6F67EB80-38F6-4BD1-B9BF-AFE4A94EB16E}.Release|Any CPU.Build.0 = Release|Any CPU
		{EE2207CF-01CA-4671-97E2-C702CFECFCF1}.Debug|Any CPU.ActiveCfg = Debug|Any CPU
		{EE2207CF-01CA-4671-97E2-C702CFECFCF1}.Debug|Any CPU.Build.0 = Debug|Any CPU
		{EE2207CF-01CA-4671-97E2-C702CFECFCF1}.Release|Any CPU.ActiveCfg = Release|Any CPU
		{EE2207CF-01CA-4671-97E2-C702CFECFCF1}.Release|Any CPU.Build.0 = Release|Any CPU
		{8ECF21C5-181E-4EFC-A384-0A7BB1371E94}.Debug|Any CPU.ActiveCfg = Debug|Any CPU
		{8ECF21C5-181E-4EFC-A384-0A7BB1371E94}.Debug|Any CPU.Build.0 = Debug|Any CPU
		{8ECF21C5-181E-4EFC-A384-0A7BB1371E94}.Release|Any CPU.ActiveCfg = Release|Any CPU
		{8ECF21C5-181E-4EFC-A384-0A7BB1371E94}.Release|Any CPU.Build.0 = Release|Any CPU
		{0B37164E-DE6B-4622-B7DE-7AC086932CE6}.Debug|Any CPU.ActiveCfg = Debug|Any CPU
		{0B37164E-DE6B-4622-B7DE-7AC086932CE6}.Debug|Any CPU.Build.0 = Debug|Any CPU
		{0B37164E-DE6B-4622-B7DE-7AC086932CE6}.Release|Any CPU.ActiveCfg = Release|Any CPU
		{0B37164E-DE6B-4622-B7DE-7AC086932CE6}.Release|Any CPU.Build.0 = Release|Any CPU
	EndGlobalSection
	GlobalSection(SolutionProperties) = preSolution
		HideSolutionNode = FALSE
	EndGlobalSection
	GlobalSection(ExtensibilityGlobals) = postSolution
		SolutionGuid = {658718F1-F770-464D-A1D7-A8D96448A7B8}
	EndGlobalSection
EndGlobal
